{
    "_readme": [
        "This file locks the dependencies of your project to a known state",
        "Read more about it at http://getcomposer.org/doc/01-basic-usage.md#composer-lock-the-lock-file"
    ],
    "hash": "0b41186e00285d7126171bdca28e7a14",
    "packages": [
        {
            "name": "planetteamspeak/ts3-php-framework",
            "version": "1.1.23",
            "source": {
                "type": "git",
                "url": "https://github.com/mdoelker/ts3-php-framework.git",
                "reference": "df1ca20abfd1fc6a9c01dd0fc91fb32132518706"
            },
            "dist": {
                "type": "zip",
                "url": "https://api.github.com/repos/mdoelker/ts3-php-framework/zipball/df1ca20abfd1fc6a9c01dd0fc91fb32132518706",
                "reference": "df1ca20abfd1fc6a9c01dd0fc91fb32132518706",
                "shasum": ""
            },
            "require": {
                "php": ">=5.2.1"
            },
            "type": "library",
            "autoload": {
                "classmap": [
                    "libraries/"
                ]
            },
            "notification-url": "https://packagist.org/downloads/",
            "license": [
                "GPLv3"
            ],
            "authors": [
                {
                    "name": "Sven 'ScP' Paulsen"
                }
            ],
            "description": "Initially released in January 2010, the TS3 PHP Framework is a powerful, open source, object-oriented framework implemented in PHP 5 and licensed under the GNU General Public License. It's based on simplicity and a rigorously tested agile codebase. Extend the functionality of your servers with scripts or create powerful web applications to manage all features of your TeamSpeak 3 Server instances.",
            "homepage": "http://addons.teamspeak.com/directory/tools/integration/TeamSpeak-3-PHP-Framework.html",
            "keywords": [
                "teamspeak"
            ],
            "time": "2013-10-17 10:10:03"
        },
        {
            "name": "symfony/http-foundation",
            "version": "2.4.x-dev",
            "target-dir": "Symfony/Component/HttpFoundation",
            "source": {
                "type": "git",
                "url": "https://github.com/symfony/HttpFoundation.git",
                "reference": "7d464f35b8404c20f1f5135b5ce87af53ef2cef9"
            },
            "dist": {
                "type": "zip",
                "url": "https://api.github.com/repos/symfony/HttpFoundation/zipball/7d464f35b8404c20f1f5135b5ce87af53ef2cef9",
                "reference": "7d464f35b8404c20f1f5135b5ce87af53ef2cef9",
                "shasum": ""
            },
            "require": {
                "php": ">=5.3.3"
            },
            "require-dev": {
                "symfony/expression-language": "~2.4"
            },
            "type": "library",
            "extra": {
                "branch-alias": {
                    "dev-master": "2.4-dev"
                }
            },
            "autoload": {
                "psr-0": {
                    "Symfony\\Component\\HttpFoundation\\": ""
                },
                "classmap": [
                    "Symfony/Component/HttpFoundation/Resources/stubs"
                ]
            },
            "notification-url": "https://packagist.org/downloads/",
            "license": [
                "MIT"
            ],
            "authors": [
                {
                    "name": "Fabien Potencier",
                    "email": "fabien@symfony.com",
                    "homepage": "http://fabien.potencier.org",
                    "role": "Lead Developer"
                },
                {
                    "name": "Symfony Community",
                    "homepage": "http://symfony.com/contributors"
                }
            ],
            "description": "Symfony HttpFoundation Component",
            "homepage": "http://symfony.com",
            "time": "2014-04-28 17:43:58"
        },
        {
            "name": "symfony/routing",
            "version": "2.4.x-dev",
            "target-dir": "Symfony/Component/Routing",
            "source": {
                "type": "git",
                "url": "https://github.com/symfony/Routing.git",
                "reference": "74229f66e16bce6d2415ca44d4756f8e7ea880f8"
            },
            "dist": {
                "type": "zip",
                "url": "https://api.github.com/repos/symfony/Routing/zipball/74229f66e16bce6d2415ca44d4756f8e7ea880f8",
                "reference": "74229f66e16bce6d2415ca44d4756f8e7ea880f8",
                "shasum": ""
            },
            "require": {
                "php": ">=5.3.3"
            },
            "require-dev": {
                "doctrine/annotations": "~1.0",
                "psr/log": "~1.0",
                "symfony/config": "~2.2",
                "symfony/expression-language": "~2.4",
                "symfony/yaml": "~2.0"
            },
            "suggest": {
                "doctrine/annotations": "For using the annotation loader",
                "symfony/config": "For using the all-in-one router or any loader",
                "symfony/expression-language": "For using expression matching",
                "symfony/yaml": "For using the YAML loader"
            },
            "type": "library",
            "extra": {
                "branch-alias": {
                    "dev-master": "2.4-dev"
                }
            },
            "autoload": {
                "psr-0": {
                    "Symfony\\Component\\Routing\\": ""
                }
            },
            "notification-url": "https://packagist.org/downloads/",
            "license": [
                "MIT"
            ],
            "authors": [
                {
                    "name": "Fabien Potencier",
                    "email": "fabien@symfony.com",
                    "homepage": "http://fabien.potencier.org",
                    "role": "Lead Developer"
                },
                {
                    "name": "Symfony Community",
                    "homepage": "http://symfony.com/contributors"
                }
            ],
            "description": "Symfony Routing Component",
            "homepage": "http://symfony.com",
            "keywords": [
                "router",
                "routing",
                "uri",
                "url"
            ],
            "time": "2014-04-23 14:04:21"
        }
    ],
    "packages-dev": [

    ],
    "aliases": [

    ],
    "minimum-stability": "stable",
    "stability-flags": {
        "symfony/http-foundation": 20,
        "symfony/routing": 20
    },
    "platform": [

    ],
    "platform-dev": [

    ]
}
